
Microsoft Visual Studio Solution File, Format Version 12.00
# Visual Studio Version 17
VisualStudioVersion = 17.5.002.0
MinimumVisualStudioVersion = 10.0.40219.1
Project("{9A19103F-16F7-4668-BE54-9A1E7A4F7556}") = "consoleApp", "consoleApp.csproj", "{316E8A3C-6A8B-4D82-A566-F917BCCBB067}"
EndProject
Global
	GlobalSection(SolutionConfigurationPlatforms) = preSolution
		Debug|Any CPU = Debug|Any CPU
		Release|Any CPU = Release|Any CPU
	EndGlobalSection
	GlobalSection(ProjectConfigurationPlatforms) = postSolution
		{316E8A3C-6A8B-4D82-A566-F917BCCBB067}.Debug|Any CPU.ActiveCfg = Debug|Any CPU
		{316E8A3C-6A8B-4D82-A566-F917BCCBB067}.Debug|Any CPU.Build.0 = Debug|Any CPU
		{316E8A3C-6A8B-4D82-A566-F917BCCBB067}.Release|Any CPU.ActiveCfg = Release|Any CPU
		{316E8A3C-6A8B-4D82-A566-F917BCCBB067}.Release|Any CPU.Build.0 = Release|Any CPU
	EndGlobalSection
	GlobalSection(SolutionProperties) = preSolution
		HideSolutionNode = FALSE
	EndGlobalSection
	GlobalSection(ExtensibilityGlobals) = postSolution
		SolutionGuid = {13645AD1-8889-43E9-BCE9-22C6E346808D}
	EndGlobalSection
EndGlobal
